// !$*UTF8*$!
{
	archiveVersion = 1;
	classes = {
	};
	objectVersion = 45;
	objects = {

/* Begin PBXBuildFile section */
		480F5FC6128A069300A9B478 /* volume.hpp in Headers */ = {isa = PBXBuildFile; fileRef = 48F210EA1288B38C002745F2 /* volume.hpp */; };
		480F5FC7128A06A600A9B478 /* volume.cpp in Sources */ = {isa = PBXBuildFile; fileRef = 48F210E91288B38C002745F2 /* volume.cpp */; };
		489CFA10128B5169005DCC2A /* Unrar4iOS.h in Headers */ = {isa = PBXBuildFile; fileRef = 489CFA0E128B5169005DCC2A /* Unrar4iOS.h */; };
		489CFA11128B5169005DCC2A /* Unrar4iOS.mm in Sources */ = {isa = PBXBuildFile; fileRef = 489CFA0F128B5169005DCC2A /* Unrar4iOS.mm */; };
		48F210EE1288B38C002745F2 /* archive.cpp in Sources */ = {isa = PBXBuildFile; fileRef = 48F2106F1288B38C002745F2 /* archive.cpp */; };
		48F210EF1288B38C002745F2 /* archive.hpp in Headers */ = {isa = PBXBuildFile; fileRef = 48F210701288B38C002745F2 /* archive.hpp */; };
		48F210F01288B38C002745F2 /* arcread.cpp in Sources */ = {isa = PBXBuildFile; fileRef = 48F210711288B38C002745F2 /* arcread.cpp */; };
		48F210F11288B38C002745F2 /* array.hpp in Headers */ = {isa = PBXBuildFile; fileRef = 48F210721288B38C002745F2 /* array.hpp */; };
		48F210F31288B38C002745F2 /* cmddata.cpp in Sources */ = {isa = PBXBuildFile; fileRef = 48F210741288B38C002745F2 /* cmddata.cpp */; };
		48F210F41288B38C002745F2 /* cmddata.hpp in Headers */ = {isa = PBXBuildFile; fileRef = 48F210751288B38C002745F2 /* cmddata.hpp */; };
		48F210F71288B38C002745F2 /* compress.hpp in Headers */ = {isa = PBXBuildFile; fileRef = 48F210781288B38C002745F2 /* compress.hpp */; };
		48F210F81288B38C002745F2 /* consio.cpp in Sources */ = {isa = PBXBuildFile; fileRef = 48F210791288B38C002745F2 /* consio.cpp */; };
		48F210F91288B38C002745F2 /* consio.hpp in Headers */ = {isa = PBXBuildFile; fileRef = 48F2107A1288B38C002745F2 /* consio.hpp */; };
		48F210FA1288B38C002745F2 /* crc.cpp in Sources */ = {isa = PBXBuildFile; fileRef = 48F2107B1288B38C002745F2 /* crc.cpp */; };
		48F210FB1288B38C002745F2 /* crc.hpp in Headers */ = {isa = PBXBuildFile; fileRef = 48F2107C1288B38C002745F2 /* crc.hpp */; };
		48F210FC1288B38C002745F2 /* crypt.cpp in Sources */ = {isa = PBXBuildFile; fileRef = 48F2107D1288B38C002745F2 /* crypt.cpp */; };
		48F210FD1288B38C002745F2 /* crypt.hpp in Headers */ = {isa = PBXBuildFile; fileRef = 48F2107E1288B38C002745F2 /* crypt.hpp */; };
		48F210FE1288B38C002745F2 /* dll.cpp in Sources */ = {isa = PBXBuildFile; fileRef = 48F2107F1288B38C002745F2 /* dll.cpp */; };
		48F210FF1288B38C002745F2 /* dll.hpp in Headers */ = {isa = PBXBuildFile; fileRef = 48F210811288B38C002745F2 /* dll.hpp */; };
		48F211001288B38C002745F2 /* encname.cpp in Sources */ = {isa = PBXBuildFile; fileRef = 48F210831288B38C002745F2 /* encname.cpp */; };
		48F211011288B38C002745F2 /* encname.hpp in Headers */ = {isa = PBXBuildFile; fileRef = 48F210841288B38C002745F2 /* encname.hpp */; };
		48F211021288B38C002745F2 /* errhnd.cpp in Sources */ = {isa = PBXBuildFile; fileRef = 48F210851288B38C002745F2 /* errhnd.cpp */; };
		48F211031288B38C002745F2 /* errhnd.hpp in Headers */ = {isa = PBXBuildFile; fileRef = 48F210861288B38C002745F2 /* errhnd.hpp */; };
		48F211041288B38C002745F2 /* extinfo.cpp in Sources */ = {isa = PBXBuildFile; fileRef = 48F210871288B38C002745F2 /* extinfo.cpp */; };
		48F211051288B38C002745F2 /* extinfo.hpp in Headers */ = {isa = PBXBuildFile; fileRef = 48F210881288B38C002745F2 /* extinfo.hpp */; };
		48F211061288B38C002745F2 /* extract.cpp in Sources */ = {isa = PBXBuildFile; fileRef = 48F210891288B38C002745F2 /* extract.cpp */; };
		48F211071288B38C002745F2 /* extract.hpp in Headers */ = {isa = PBXBuildFile; fileRef = 48F2108A1288B38C002745F2 /* extract.hpp */; };
		48F211081288B38C002745F2 /* filcreat.cpp in Sources */ = {isa = PBXBuildFile; fileRef = 48F2108B1288B38C002745F2 /* filcreat.cpp */; };
		48F211091288B38C002745F2 /* filcreat.hpp in Headers */ = {isa = PBXBuildFile; fileRef = 48F2108C1288B38C002745F2 /* filcreat.hpp */; };
		48F2110A1288B38C002745F2 /* file.cpp in Sources */ = {isa = PBXBuildFile; fileRef = 48F2108D1288B38C002745F2 /* file.cpp */; };
		48F2110B1288B38C002745F2 /* file.hpp in Headers */ = {isa = PBXBuildFile; fileRef = 48F2108E1288B38C002745F2 /* file.hpp */; };
		48F2110C1288B38C002745F2 /* filefn.cpp in Sources */ = {isa = PBXBuildFile; fileRef = 48F2108F1288B38C002745F2 /* filefn.cpp */; };
		48F2110D1288B38C002745F2 /* filefn.hpp in Headers */ = {isa = PBXBuildFile; fileRef = 48F210901288B38C002745F2 /* filefn.hpp */; };
		48F2110E1288B38C002745F2 /* filestr.cpp in Sources */ = {isa = PBXBuildFile; fileRef = 48F210911288B38C002745F2 /* filestr.cpp */; };
		48F2110F1288B38C002745F2 /* filestr.hpp in Headers */ = {isa = PBXBuildFile; fileRef = 48F210921288B38C002745F2 /* filestr.hpp */; };
		48F211101288B38C002745F2 /* find.cpp in Sources */ = {isa = PBXBuildFile; fileRef = 48F210931288B38C002745F2 /* find.cpp */; };
		48F211111288B38C002745F2 /* find.hpp in Headers */ = {isa = PBXBuildFile; fileRef = 48F210941288B38C002745F2 /* find.hpp */; };
		48F211121288B38C002745F2 /* getbits.cpp in Sources */ = {isa = PBXBuildFile; fileRef = 48F210951288B38C002745F2 /* getbits.cpp */; };
		48F211131288B38C002745F2 /* getbits.hpp in Headers */ = {isa = PBXBuildFile; fileRef = 48F210961288B38C002745F2 /* getbits.hpp */; };
		48F211141288B38C002745F2 /* global.cpp in Sources */ = {isa = PBXBuildFile; fileRef = 48F210971288B38C002745F2 /* global.cpp */; };
		48F211151288B38C002745F2 /* global.hpp in Headers */ = {isa = PBXBuildFile; fileRef = 48F210981288B38C002745F2 /* global.hpp */; };
		48F211161288B38C002745F2 /* headers.hpp in Headers */ = {isa = PBXBuildFile; fileRef = 48F210991288B38C002745F2 /* headers.hpp */; };
		48F211171288B38C002745F2 /* isnt.cpp in Sources */ = {isa = PBXBuildFile; fileRef = 48F2109A1288B38C002745F2 /* isnt.cpp */; };
		48F211181288B38C002745F2 /* isnt.hpp in Headers */ = {isa = PBXBuildFile; fileRef = 48F2109B1288B38C002745F2 /* isnt.hpp */; };
		48F211191288B38C002745F2 /* list.cpp in Sources */ = {isa = PBXBuildFile; fileRef = 48F2109D1288B38C002745F2 /* list.cpp */; };
		48F2111A1288B38C002745F2 /* list.hpp in Headers */ = {isa = PBXBuildFile; fileRef = 48F2109E1288B38C002745F2 /* list.hpp */; };
		48F2111B1288B38C002745F2 /* loclang.hpp in Headers */ = {isa = PBXBuildFile; fileRef = 48F2109F1288B38C002745F2 /* loclang.hpp */; };
		48F2111D1288B38C002745F2 /* log.hpp in Headers */ = {isa = PBXBuildFile; fileRef = 48F210A11288B38C002745F2 /* log.hpp */; };
		48F2111E1288B38C002745F2 /* match.cpp in Sources */ = {isa = PBXBuildFile; fileRef = 48F210A71288B38C002745F2 /* match.cpp */; };
		48F2111F1288B38C002745F2 /* match.hpp in Headers */ = {isa = PBXBuildFile; fileRef = 48F210A81288B38C002745F2 /* match.hpp */; };
		48F211221288B38C002745F2 /* options.cpp in Sources */ = {isa = PBXBuildFile; fileRef = 48F210AC1288B38C002745F2 /* options.cpp */; };
		48F211231288B38C002745F2 /* options.hpp in Headers */ = {isa = PBXBuildFile; fileRef = 48F210AD1288B38C002745F2 /* options.hpp */; };
		48F211241288B38C002745F2 /* os.hpp in Headers */ = {isa = PBXBuildFile; fileRef = 48F210AE1288B38C002745F2 /* os.hpp */; };
		48F211261288B38C002745F2 /* pathfn.cpp in Sources */ = {isa = PBXBuildFile; fileRef = 48F210B01288B38C002745F2 /* pathfn.cpp */; };
		48F211271288B38C002745F2 /* pathfn.hpp in Headers */ = {isa = PBXBuildFile; fileRef = 48F210B11288B38C002745F2 /* pathfn.hpp */; };
		48F211281288B38C002745F2 /* rar.cpp in Sources */ = {isa = PBXBuildFile; fileRef = 48F210B21288B38C002745F2 /* rar.cpp */; };
		48F211291288B38C002745F2 /* rar.hpp in Headers */ = {isa = PBXBuildFile; fileRef = 48F210B31288B38C002745F2 /* rar.hpp */; };
		48F2112A1288B38C002745F2 /* rardefs.hpp in Headers */ = {isa = PBXBuildFile; fileRef = 48F210B41288B38C002745F2 /* rardefs.hpp */; };
		48F2112B1288B38C002745F2 /* rarlang.hpp in Headers */ = {isa = PBXBuildFile; fileRef = 48F210B51288B38C002745F2 /* rarlang.hpp */; };
		48F2112C1288B38C002745F2 /* raros.hpp in Headers */ = {isa = PBXBuildFile; fileRef = 48F210B61288B38C002745F2 /* raros.hpp */; };
		48F2112E1288B38C002745F2 /* rartypes.hpp in Headers */ = {isa = PBXBuildFile; fileRef = 48F210B81288B38C002745F2 /* rartypes.hpp */; };
		48F2112F1288B38C002745F2 /* rarvm.cpp in Sources */ = {isa = PBXBuildFile; fileRef = 48F210B91288B38C002745F2 /* rarvm.cpp */; };
		48F211301288B38C002745F2 /* rarvm.hpp in Headers */ = {isa = PBXBuildFile; fileRef = 48F210BA1288B38C002745F2 /* rarvm.hpp */; };
		48F211321288B38C002745F2 /* rawread.cpp in Sources */ = {isa = PBXBuildFile; fileRef = 48F210BC1288B38C002745F2 /* rawread.cpp */; };
		48F211331288B38C002745F2 /* rawread.hpp in Headers */ = {isa = PBXBuildFile; fileRef = 48F210BD1288B38C002745F2 /* rawread.hpp */; };
		48F211341288B38C002745F2 /* rdwrfn.cpp in Sources */ = {isa = PBXBuildFile; fileRef = 48F210BE1288B38C002745F2 /* rdwrfn.cpp */; };
		48F211351288B38C002745F2 /* rdwrfn.hpp in Headers */ = {isa = PBXBuildFile; fileRef = 48F210BF1288B38C002745F2 /* rdwrfn.hpp */; };
		48F211361288B38C002745F2 /* recvol.cpp in Sources */ = {isa = PBXBuildFile; fileRef = 48F210C21288B38C002745F2 /* recvol.cpp */; };
		48F211371288B38C002745F2 /* recvol.hpp in Headers */ = {isa = PBXBuildFile; fileRef = 48F210C31288B38C002745F2 /* recvol.hpp */; };
		48F211381288B38C002745F2 /* resource.cpp in Sources */ = {isa = PBXBuildFile; fileRef = 48F210C41288B38C002745F2 /* resource.cpp */; };
		48F2113A1288B38C002745F2 /* rijndael.cpp in Sources */ = {isa = PBXBuildFile; fileRef = 48F210C61288B38C002745F2 /* rijndael.cpp */; };
		48F2113B1288B38C002745F2 /* rijndael.hpp in Headers */ = {isa = PBXBuildFile; fileRef = 48F210C71288B38C002745F2 /* rijndael.hpp */; };
		48F2113C1288B38C002745F2 /* rs.cpp in Sources */ = {isa = PBXBuildFile; fileRef = 48F210C81288B38C002745F2 /* rs.cpp */; };
		48F2113D1288B38C002745F2 /* rs.hpp in Headers */ = {isa = PBXBuildFile; fileRef = 48F210C91288B38C002745F2 /* rs.hpp */; };
		48F2113E1288B38C002745F2 /* savepos.cpp in Sources */ = {isa = PBXBuildFile; fileRef = 48F210CA1288B38C002745F2 /* savepos.cpp */; };
		48F2113F1288B38C002745F2 /* savepos.hpp in Headers */ = {isa = PBXBuildFile; fileRef = 48F210CB1288B38C002745F2 /* savepos.hpp */; };
		48F211401288B38C002745F2 /* scantree.cpp in Sources */ = {isa = PBXBuildFile; fileRef = 48F210CC1288B38C002745F2 /* scantree.cpp */; };
		48F211411288B38C002745F2 /* scantree.hpp in Headers */ = {isa = PBXBuildFile; fileRef = 48F210CD1288B38C002745F2 /* scantree.hpp */; };
		48F211421288B38C002745F2 /* sha1.cpp in Sources */ = {isa = PBXBuildFile; fileRef = 48F210CE1288B38C002745F2 /* sha1.cpp */; };
		48F211431288B38C002745F2 /* sha1.hpp in Headers */ = {isa = PBXBuildFile; fileRef = 48F210CF1288B38C002745F2 /* sha1.hpp */; };
		48F211441288B38C002745F2 /* smallfn.cpp in Sources */ = {isa = PBXBuildFile; fileRef = 48F210D01288B38C002745F2 /* smallfn.cpp */; };
		48F211451288B38C002745F2 /* smallfn.hpp in Headers */ = {isa = PBXBuildFile; fileRef = 48F210D11288B38C002745F2 /* smallfn.hpp */; };
		48F211461288B38C002745F2 /* strfn.cpp in Sources */ = {isa = PBXBuildFile; fileRef = 48F210D21288B38C002745F2 /* strfn.cpp */; };
		48F211471288B38C002745F2 /* strfn.hpp in Headers */ = {isa = PBXBuildFile; fileRef = 48F210D31288B38C002745F2 /* strfn.hpp */; };
		48F211481288B38C002745F2 /* strlist.cpp in Sources */ = {isa = PBXBuildFile; fileRef = 48F210D41288B38C002745F2 /* strlist.cpp */; };
		48F211491288B38C002745F2 /* strlist.hpp in Headers */ = {isa = PBXBuildFile; fileRef = 48F210D51288B38C002745F2 /* strlist.hpp */; };
		48F2114C1288B38C002745F2 /* system.cpp in Sources */ = {isa = PBXBuildFile; fileRef = 48F210D81288B38C002745F2 /* system.cpp */; };
		48F2114D1288B38C002745F2 /* system.hpp in Headers */ = {isa = PBXBuildFile; fileRef = 48F210D91288B38C002745F2 /* system.hpp */; };
		48F2114E1288B38C002745F2 /* timefn.cpp in Sources */ = {isa = PBXBuildFile; fileRef = 48F210DA1288B38C002745F2 /* timefn.cpp */; };
		48F2114F1288B38C002745F2 /* timefn.hpp in Headers */ = {isa = PBXBuildFile; fileRef = 48F210DB1288B38C002745F2 /* timefn.hpp */; };
		48F211501288B38C002745F2 /* ulinks.cpp in Sources */ = {isa = PBXBuildFile; fileRef = 48F210DC1288B38C002745F2 /* ulinks.cpp */; };
		48F211511288B38C002745F2 /* ulinks.hpp in Headers */ = {isa = PBXBuildFile; fileRef = 48F210DD1288B38C002745F2 /* ulinks.hpp */; };
		48F211521288B38C002745F2 /* unicode.cpp in Sources */ = {isa = PBXBuildFile; fileRef = 48F210DE1288B38C002745F2 /* unicode.cpp */; };
		48F211531288B38C002745F2 /* unicode.hpp in Headers */ = {isa = PBXBuildFile; fileRef = 48F210DF1288B38C002745F2 /* unicode.hpp */; };
		48F211551288B38C002745F2 /* unpack.cpp in Sources */ = {isa = PBXBuildFile; fileRef = 48F210E11288B38C002745F2 /* unpack.cpp */; };
		48F211561288B38C002745F2 /* unpack.hpp in Headers */ = {isa = PBXBuildFile; fileRef = 48F210E21288B38C002745F2 /* unpack.hpp */; };
		48F2115A1288B38C002745F2 /* version.hpp in Headers */ = {isa = PBXBuildFile; fileRef = 48F210E81288B38C002745F2 /* version.hpp */; };
		AA747D9F0F9514B9006C5449 /* Unrar4iOS_Prefix.pch in Headers */ = {isa = PBXBuildFile; fileRef = AA747D9E0F9514B9006C5449 /* Unrar4iOS_Prefix.pch */; };
/* End PBXBuildFile section */

/* Begin PBXFileReference section */
		489CF9F1128B4D8E005DCC2A /* Framework.plist */ = {isa = PBXFileReference; fileEncoding = 4; lastKnownFileType = text.plist.xml; path = Framework.plist; sourceTree = "<group>"; };
		489CFA0E128B5169005DCC2A /* Unrar4iOS.h */ = {isa = PBXFileReference; fileEncoding = 4; lastKnownFileType = sourcecode.c.h; path = Unrar4iOS.h; sourceTree = "<group>"; };
		489CFA0F128B5169005DCC2A /* Unrar4iOS.mm */ = {isa = PBXFileReference; fileEncoding = 4; lastKnownFileType = sourcecode.cpp.objcpp; path = Unrar4iOS.mm; sourceTree = "<group>"; };
		48F2106E1288B38C002745F2 /* arccmt.cpp */ = {isa = PBXFileReference; fileEncoding = 4; lastKnownFileType = sourcecode.cpp.cpp; path = arccmt.cpp; sourceTree = "<group>"; };
		48F2106F1288B38C002745F2 /* archive.cpp */ = {isa = PBXFileReference; fileEncoding = 4; lastKnownFileType = sourcecode.cpp.cpp; path = archive.cpp; sourceTree = "<group>"; };
		48F210701288B38C002745F2 /* archive.hpp */ = {isa = PBXFileReference; fileEncoding = 4; lastKnownFileType = sourcecode.cpp.h; path = archive.hpp; sourceTree = "<group>"; };
		48F210711288B38C002745F2 /* arcread.cpp */ = {isa = PBXFileReference; fileEncoding = 4; lastKnownFileType = sourcecode.cpp.cpp; path = arcread.cpp; sourceTree = "<group>"; };
		48F210721288B38C002745F2 /* array.hpp */ = {isa = PBXFileReference; fileEncoding = 4; lastKnownFileType = sourcecode.cpp.h; path = array.hpp; sourceTree = "<group>"; };
		48F210731288B38C002745F2 /* beosea.cpp */ = {isa = PBXFileReference; fileEncoding = 4; lastKnownFileType = sourcecode.cpp.cpp; path = beosea.cpp; sourceTree = "<group>"; };
		48F210741288B38C002745F2 /* cmddata.cpp */ = {isa = PBXFileReference; fileEncoding = 4; lastKnownFileType = sourcecode.cpp.cpp; path = cmddata.cpp; sourceTree = "<group>"; };
		48F210751288B38C002745F2 /* cmddata.hpp */ = {isa = PBXFileReference; fileEncoding = 4; lastKnownFileType = sourcecode.cpp.h; path = cmddata.hpp; sourceTree = "<group>"; };
		48F210761288B38C002745F2 /* coder.cpp */ = {isa = PBXFileReference; fileEncoding = 4; lastKnownFileType = sourcecode.cpp.cpp; path = coder.cpp; sourceTree = "<group>"; };
		48F210771288B38C002745F2 /* coder.hpp */ = {isa = PBXFileReference; fileEncoding = 4; lastKnownFileType = sourcecode.cpp.h; path = coder.hpp; sourceTree = "<group>"; };
		48F210781288B38C002745F2 /* compress.hpp */ = {isa = PBXFileReference; fileEncoding = 4; lastKnownFileType = sourcecode.cpp.h; path = compress.hpp; sourceTree = "<group>"; };
		48F210791288B38C002745F2 /* consio.cpp */ = {isa = PBXFileReference; fileEncoding = 4; lastKnownFileType = sourcecode.cpp.cpp; path = consio.cpp; sourceTree = "<group>"; };
		48F2107A1288B38C002745F2 /* consio.hpp */ = {isa = PBXFileReference; fileEncoding = 4; lastKnownFileType = sourcecode.cpp.h; path = consio.hpp; sourceTree = "<group>"; };
		48F2107B1288B38C002745F2 /* crc.cpp */ = {isa = PBXFileReference; fileEncoding = 4; lastKnownFileType = sourcecode.cpp.cpp; path = crc.cpp; sourceTree = "<group>"; };
		48F2107C1288B38C002745F2 /* crc.hpp */ = {isa = PBXFileReference; fileEncoding = 4; lastKnownFileType = sourcecode.cpp.h; path = crc.hpp; sourceTree = "<group>"; };
		48F2107D1288B38C002745F2 /* crypt.cpp */ = {isa = PBXFileReference; fileEncoding = 4; lastKnownFileType = sourcecode.cpp.cpp; path = crypt.cpp; sourceTree = "<group>"; };
		48F2107E1288B38C002745F2 /* crypt.hpp */ = {isa = PBXFileReference; fileEncoding = 4; lastKnownFileType = sourcecode.cpp.h; path = crypt.hpp; sourceTree = "<group>"; };
		48F2107F1288B38C002745F2 /* dll.cpp */ = {isa = PBXFileReference; fileEncoding = 4; lastKnownFileType = sourcecode.cpp.cpp; path = dll.cpp; sourceTree = "<group>"; };
		48F210801288B38C002745F2 /* dll.def */ = {isa = PBXFileReference; fileEncoding = 4; lastKnownFileType = text; path = dll.def; sourceTree = "<group>"; };
		48F210811288B38C002745F2 /* dll.hpp */ = {isa = PBXFileReference; fileEncoding = 4; lastKnownFileType = sourcecode.cpp.h; path = dll.hpp; sourceTree = "<group>"; };
		48F210821288B38C002745F2 /* dll.rc */ = {isa = PBXFileReference; fileEncoding = 4; lastKnownFileType = text; path = dll.rc; sourceTree = "<group>"; };
		48F210831288B38C002745F2 /* encname.cpp */ = {isa = PBXFileReference; fileEncoding = 4; lastKnownFileType = sourcecode.cpp.cpp; path = encname.cpp; sourceTree = "<group>"; };
		48F210841288B38C002745F2 /* encname.hpp */ = {isa = PBXFileReference; fileEncoding = 4; lastKnownFileType = sourcecode.cpp.h; path = encname.hpp; sourceTree = "<group>"; };
		48F210851288B38C002745F2 /* errhnd.cpp */ = {isa = PBXFileReference; fileEncoding = 4; lastKnownFileType = sourcecode.cpp.cpp; path = errhnd.cpp; sourceTree = "<group>"; };
		48F210861288B38C002745F2 /* errhnd.hpp */ = {isa = PBXFileReference; fileEncoding = 4; lastKnownFileType = sourcecode.cpp.h; path = errhnd.hpp; sourceTree = "<group>"; };
		48F210871288B38C002745F2 /* extinfo.cpp */ = {isa = PBXFileReference; fileEncoding = 4; lastKnownFileType = sourcecode.cpp.cpp; path = extinfo.cpp; sourceTree = "<group>"; };
		48F210881288B38C002745F2 /* extinfo.hpp */ = {isa = PBXFileReference; fileEncoding = 4; lastKnownFileType = sourcecode.cpp.h; path = extinfo.hpp; sourceTree = "<group>"; };
		48F210891288B38C002745F2 /* extract.cpp */ = {isa = PBXFileReference; fileEncoding = 4; lastKnownFileType = sourcecode.cpp.cpp; path = extract.cpp; sourceTree = "<group>"; };
		48F2108A1288B38C002745F2 /* extract.hpp */ = {isa = PBXFileReference; fileEncoding = 4; lastKnownFileType = sourcecode.cpp.h; path = extract.hpp; sourceTree = "<group>"; };
		48F2108B1288B38C002745F2 /* filcreat.cpp */ = {isa = PBXFileReference; fileEncoding = 4; lastKnownFileType = sourcecode.cpp.cpp; path = filcreat.cpp; sourceTree = "<group>"; };
		48F2108C1288B38C002745F2 /* filcreat.hpp */ = {isa = PBXFileReference; fileEncoding = 4; lastKnownFileType = sourcecode.cpp.h; path = filcreat.hpp; sourceTree = "<group>"; };
		48F2108D1288B38C002745F2 /* file.cpp */ = {isa = PBXFileReference; fileEncoding = 4; lastKnownFileType = sourcecode.cpp.cpp; path = file.cpp; sourceTree = "<group>"; };
		48F2108E1288B38C002745F2 /* file.hpp */ = {isa = PBXFileReference; fileEncoding = 4; lastKnownFileType = sourcecode.cpp.h; path = file.hpp; sourceTree = "<group>"; };
		48F2108F1288B38C002745F2 /* filefn.cpp */ = {isa = PBXFileReference; fileEncoding = 4; lastKnownFileType = sourcecode.cpp.cpp; path = filefn.cpp; sourceTree = "<group>"; };
		48F210901288B38C002745F2 /* filefn.hpp */ = {isa = PBXFileReference; fileEncoding = 4; lastKnownFileType = sourcecode.cpp.h; path = filefn.hpp; sourceTree = "<group>"; };
		48F210911288B38C002745F2 /* filestr.cpp */ = {isa = PBXFileReference; fileEncoding = 4; lastKnownFileType = sourcecode.cpp.cpp; path = filestr.cpp; sourceTree = "<group>"; };
		48F210921288B38C002745F2 /* filestr.hpp */ = {isa = PBXFileReference; fileEncoding = 4; lastKnownFileType = sourcecode.cpp.h; path = filestr.hpp; sourceTree = "<group>"; };
		48F210931288B38C002745F2 /* find.cpp */ = {isa = PBXFileReference; fileEncoding = 4; lastKnownFileType = sourcecode.cpp.cpp; path = find.cpp; sourceTree = "<group>"; };
		48F210941288B38C002745F2 /* find.hpp */ = {isa = PBXFileReference; fileEncoding = 4; lastKnownFileType = sourcecode.cpp.h; path = find.hpp; sourceTree = "<group>"; };
		48F210951288B38C002745F2 /* getbits.cpp */ = {isa = PBXFileReference; fileEncoding = 4; lastKnownFileType = sourcecode.cpp.cpp; path = getbits.cpp; sourceTree = "<group>"; };
		48F210961288B38C002745F2 /* getbits.hpp */ = {isa = PBXFileReference; fileEncoding = 4; lastKnownFileType = sourcecode.cpp.h; path = getbits.hpp; sourceTree = "<group>"; };
		48F210971288B38C002745F2 /* global.cpp */ = {isa = PBXFileReference; fileEncoding = 4; lastKnownFileType = sourcecode.cpp.cpp; path = global.cpp; sourceTree = "<group>"; };
		48F210981288B38C002745F2 /* global.hpp */ = {isa = PBXFileReference; fileEncoding = 4; lastKnownFileType = sourcecode.cpp.h; path = global.hpp; sourceTree = "<group>"; };
		48F210991288B38C002745F2 /* headers.hpp */ = {isa = PBXFileReference; fileEncoding = 4; lastKnownFileType = sourcecode.cpp.h; path = headers.hpp; sourceTree = "<group>"; };
		48F2109A1288B38C002745F2 /* isnt.cpp */ = {isa = PBXFileReference; fileEncoding = 4; lastKnownFileType = sourcecode.cpp.cpp; path = isnt.cpp; sourceTree = "<group>"; };
		48F2109B1288B38C002745F2 /* isnt.hpp */ = {isa = PBXFileReference; fileEncoding = 4; lastKnownFileType = sourcecode.cpp.h; path = isnt.hpp; sourceTree = "<group>"; };
		48F2109C1288B38C002745F2 /* license.txt */ = {isa = PBXFileReference; fileEncoding = 4; lastKnownFileType = text; path = license.txt; sourceTree = "<group>"; };
		48F2109D1288B38C002745F2 /* list.cpp */ = {isa = PBXFileReference; fileEncoding = 4; lastKnownFileType = sourcecode.cpp.cpp; path = list.cpp; sourceTree = "<group>"; };
		48F2109E1288B38C002745F2 /* list.hpp */ = {isa = PBXFileReference; fileEncoding = 4; lastKnownFileType = sourcecode.cpp.h; path = list.hpp; sourceTree = "<group>"; };
		48F2109F1288B38C002745F2 /* loclang.hpp */ = {isa = PBXFileReference; fileEncoding = 4; lastKnownFileType = sourcecode.cpp.h; path = loclang.hpp; sourceTree = "<group>"; };
		48F210A01288B38C002745F2 /* log.cpp */ = {isa = PBXFileReference; fileEncoding = 4; lastKnownFileType = sourcecode.cpp.cpp; path = log.cpp; sourceTree = "<group>"; };
		48F210A11288B38C002745F2 /* log.hpp */ = {isa = PBXFileReference; fileEncoding = 4; lastKnownFileType = sourcecode.cpp.h; path = log.hpp; sourceTree = "<group>"; };
		48F210A21288B38C002745F2 /* makefile.bcc */ = {isa = PBXFileReference; fileEncoding = 4; lastKnownFileType = text; path = makefile.bcc; sourceTree = "<group>"; };
		48F210A31288B38C002745F2 /* makefile.cygmin */ = {isa = PBXFileReference; fileEncoding = 4; lastKnownFileType = text; path = makefile.cygmin; sourceTree = "<group>"; };
		48F210A41288B38C002745F2 /* makefile.dj */ = {isa = PBXFileReference; fileEncoding = 4; lastKnownFileType = text; path = makefile.dj; sourceTree = "<group>"; };
		48F210A51288B38C002745F2 /* makefile.dmc */ = {isa = PBXFileReference; fileEncoding = 4; lastKnownFileType = text; path = makefile.dmc; sourceTree = "<group>"; };
		48F210A61288B38C002745F2 /* makefile.unix */ = {isa = PBXFileReference; fileEncoding = 4; lastKnownFileType = text; path = makefile.unix; sourceTree = "<group>"; };
		48F210A71288B38C002745F2 /* match.cpp */ = {isa = PBXFileReference; fileEncoding = 4; lastKnownFileType = sourcecode.cpp.cpp; path = match.cpp; sourceTree = "<group>"; };
		48F210A81288B38C002745F2 /* match.hpp */ = {isa = PBXFileReference; fileEncoding = 4; lastKnownFileType = sourcecode.cpp.h; path = match.hpp; sourceTree = "<group>"; };
		48F210A91288B38C002745F2 /* model.cpp */ = {isa = PBXFileReference; fileEncoding = 4; lastKnownFileType = sourcecode.cpp.cpp; path = model.cpp; sourceTree = "<group>"; };
		48F210AA1288B38C002745F2 /* model.hpp */ = {isa = PBXFileReference; fileEncoding = 4; lastKnownFileType = sourcecode.cpp.h; path = model.hpp; sourceTree = "<group>"; };
		48F210AB1288B38C002745F2 /* msc.dep */ = {isa = PBXFileReference; fileEncoding = 4; lastKnownFileType = text; path = msc.dep; sourceTree = "<group>"; };
		48F210AC1288B38C002745F2 /* options.cpp */ = {isa = PBXFileReference; fileEncoding = 4; lastKnownFileType = sourcecode.cpp.cpp; path = options.cpp; sourceTree = "<group>"; };
		48F210AD1288B38C002745F2 /* options.hpp */ = {isa = PBXFileReference; fileEncoding = 4; lastKnownFileType = sourcecode.cpp.h; path = options.hpp; sourceTree = "<group>"; };
		48F210AE1288B38C002745F2 /* os.hpp */ = {isa = PBXFileReference; fileEncoding = 4; lastKnownFileType = sourcecode.cpp.h; path = os.hpp; sourceTree = "<group>"; };
		48F210AF1288B38C002745F2 /* os2ea.cpp */ = {isa = PBXFileReference; fileEncoding = 4; lastKnownFileType = sourcecode.cpp.cpp; path = os2ea.cpp; sourceTree = "<group>"; };
		48F210B01288B38C002745F2 /* pathfn.cpp */ = {isa = PBXFileReference; fileEncoding = 4; lastKnownFileType = sourcecode.cpp.cpp; path = pathfn.cpp; sourceTree = "<group>"; };
		48F210B11288B38C002745F2 /* pathfn.hpp */ = {isa = PBXFileReference; fileEncoding = 4; lastKnownFileType = sourcecode.cpp.h; path = pathfn.hpp; sourceTree = "<group>"; };
		48F210B21288B38C002745F2 /* rar.cpp */ = {isa = PBXFileReference; fileEncoding = 4; lastKnownFileType = sourcecode.cpp.cpp; path = rar.cpp; sourceTree = "<group>"; };
		48F210B31288B38C002745F2 /* rar.hpp */ = {isa = PBXFileReference; fileEncoding = 4; lastKnownFileType = sourcecode.cpp.h; path = rar.hpp; sourceTree = "<group>"; };
		48F210B41288B38C002745F2 /* rardefs.hpp */ = {isa = PBXFileReference; fileEncoding = 4; lastKnownFileType = sourcecode.cpp.h; path = rardefs.hpp; sourceTree = "<group>"; };
		48F210B51288B38C002745F2 /* rarlang.hpp */ = {isa = PBXFileReference; fileEncoding = 4; lastKnownFileType = sourcecode.cpp.h; path = rarlang.hpp; sourceTree = "<group>"; };
		48F210B61288B38C002745F2 /* raros.hpp */ = {isa = PBXFileReference; fileEncoding = 4; lastKnownFileType = sourcecode.cpp.h; path = raros.hpp; sourceTree = "<group>"; };
		48F210B71288B38C002745F2 /* rarpch.cpp */ = {isa = PBXFileReference; fileEncoding = 4; lastKnownFileType = sourcecode.cpp.cpp; path = rarpch.cpp; sourceTree = "<group>"; };
		48F210B81288B38C002745F2 /* rartypes.hpp */ = {isa = PBXFileReference; fileEncoding = 4; lastKnownFileType = sourcecode.cpp.h; path = rartypes.hpp; sourceTree = "<group>"; };
		48F210B91288B38C002745F2 /* rarvm.cpp */ = {isa = PBXFileReference; fileEncoding = 4; lastKnownFileType = sourcecode.cpp.cpp; path = rarvm.cpp; sourceTree = "<group>"; };
		48F210BA1288B38C002745F2 /* rarvm.hpp */ = {isa = PBXFileReference; fileEncoding = 4; lastKnownFileType = sourcecode.cpp.h; path = rarvm.hpp; sourceTree = "<group>"; };
		48F210BB1288B38C002745F2 /* rarvmtbl.cpp */ = {isa = PBXFileReference; fileEncoding = 4; lastKnownFileType = sourcecode.cpp.cpp; path = rarvmtbl.cpp; sourceTree = "<group>"; };
		48F210BC1288B38C002745F2 /* rawread.cpp */ = {isa = PBXFileReference; fileEncoding = 4; lastKnownFileType = sourcecode.cpp.cpp; path = rawread.cpp; sourceTree = "<group>"; };
		48F210BD1288B38C002745F2 /* rawread.hpp */ = {isa = PBXFileReference; fileEncoding = 4; lastKnownFileType = sourcecode.cpp.h; path = rawread.hpp; sourceTree = "<group>"; };
		48F210BE1288B38C002745F2 /* rdwrfn.cpp */ = {isa = PBXFileReference; fileEncoding = 4; lastKnownFileType = sourcecode.cpp.cpp; path = rdwrfn.cpp; sourceTree = "<group>"; };
		48F210BF1288B38C002745F2 /* rdwrfn.hpp */ = {isa = PBXFileReference; fileEncoding = 4; lastKnownFileType = sourcecode.cpp.h; path = rdwrfn.hpp; sourceTree = "<group>"; };
		48F210C01288B38C002745F2 /* README */ = {isa = PBXFileReference; fileEncoding = 4; lastKnownFileType = text; path = README; sourceTree = "<group>"; };
		48F210C11288B38C002745F2 /* readme.txt */ = {isa = PBXFileReference; fileEncoding = 4; lastKnownFileType = text; path = readme.txt; sourceTree = "<group>"; };
		48F210C21288B38C002745F2 /* recvol.cpp */ = {isa = PBXFileReference; fileEncoding = 4; lastKnownFileType = sourcecode.cpp.cpp; path = recvol.cpp; sourceTree = "<group>"; };
		48F210C31288B38C002745F2 /* recvol.hpp */ = {isa = PBXFileReference; fileEncoding = 4; lastKnownFileType = sourcecode.cpp.h; path = recvol.hpp; sourceTree = "<group>"; };
		48F210C41288B38C002745F2 /* resource.cpp */ = {isa = PBXFileReference; fileEncoding = 4; lastKnownFileType = sourcecode.cpp.cpp; path = resource.cpp; sourceTree = "<group>"; };
		48F210C51288B38C002745F2 /* resource.hpp */ = {isa = PBXFileReference; fileEncoding = 4; lastKnownFileType = sourcecode.cpp.h; path = resource.hpp; sourceTree = "<group>"; };
		48F210C61288B38C002745F2 /* rijndael.cpp */ = {isa = PBXFileReference; fileEncoding = 4; lastKnownFileType = sourcecode.cpp.cpp; path = rijndael.cpp; sourceTree = "<group>"; };
		48F210C71288B38C002745F2 /* rijndael.hpp */ = {isa = PBXFileReference; fileEncoding = 4; lastKnownFileType = sourcecode.cpp.h; path = rijndael.hpp; sourceTree = "<group>"; };
		48F210C81288B38C002745F2 /* rs.cpp */ = {isa = PBXFileReference; fileEncoding = 4; lastKnownFileType = sourcecode.cpp.cpp; path = rs.cpp; sourceTree = "<group>"; };
		48F210C91288B38C002745F2 /* rs.hpp */ = {isa = PBXFileReference; fileEncoding = 4; lastKnownFileType = sourcecode.cpp.h; path = rs.hpp; sourceTree = "<group>"; };
		48F210CA1288B38C002745F2 /* savepos.cpp */ = {isa = PBXFileReference; fileEncoding = 4; lastKnownFileType = sourcecode.cpp.cpp; path = savepos.cpp; sourceTree = "<group>"; };
		48F210CB1288B38C002745F2 /* savepos.hpp */ = {isa = PBXFileReference; fileEncoding = 4; lastKnownFileType = sourcecode.cpp.h; path = savepos.hpp; sourceTree = "<group>"; };
		48F210CC1288B38C002745F2 /* scantree.cpp */ = {isa = PBXFileReference; fileEncoding = 4; lastKnownFileType = sourcecode.cpp.cpp; path = scantree.cpp; sourceTree = "<group>"; };
		48F210CD1288B38C002745F2 /* scantree.hpp */ = {isa = PBXFileReference; fileEncoding = 4; lastKnownFileType = sourcecode.cpp.h; path = scantree.hpp; sourceTree = "<group>"; };
		48F210CE1288B38C002745F2 /* sha1.cpp */ = {isa = PBXFileReference; fileEncoding = 4; lastKnownFileType = sourcecode.cpp.cpp; path = sha1.cpp; sourceTree = "<group>"; };
		48F210CF1288B38C002745F2 /* sha1.hpp */ = {isa = PBXFileReference; fileEncoding = 4; lastKnownFileType = sourcecode.cpp.h; path = sha1.hpp; sourceTree = "<group>"; };
		48F210D01288B38C002745F2 /* smallfn.cpp */ = {isa = PBXFileReference; fileEncoding = 4; lastKnownFileType = sourcecode.cpp.cpp; path = smallfn.cpp; sourceTree = "<group>"; };
		48F210D11288B38C002745F2 /* smallfn.hpp */ = {isa = PBXFileReference; fileEncoding = 4; lastKnownFileType = sourcecode.cpp.h; path = smallfn.hpp; sourceTree = "<group>"; };
		48F210D21288B38C002745F2 /* strfn.cpp */ = {isa = PBXFileReference; fileEncoding = 4; lastKnownFileType = sourcecode.cpp.cpp; path = strfn.cpp; sourceTree = "<group>"; };
		48F210D31288B38C002745F2 /* strfn.hpp */ = {isa = PBXFileReference; fileEncoding = 4; lastKnownFileType = sourcecode.cpp.h; path = strfn.hpp; sourceTree = "<group>"; };
		48F210D41288B38C002745F2 /* strlist.cpp */ = {isa = PBXFileReference; fileEncoding = 4; lastKnownFileType = sourcecode.cpp.cpp; path = strlist.cpp; sourceTree = "<group>"; };
		48F210D51288B38C002745F2 /* strlist.hpp */ = {isa = PBXFileReference; fileEncoding = 4; lastKnownFileType = sourcecode.cpp.h; path = strlist.hpp; sourceTree = "<group>"; };
		48F210D61288B38C002745F2 /* suballoc.cpp */ = {isa = PBXFileReference; fileEncoding = 4; lastKnownFileType = sourcecode.cpp.cpp; path = suballoc.cpp; sourceTree = "<group>"; };
		48F210D71288B38C002745F2 /* suballoc.hpp */ = {isa = PBXFileReference; fileEncoding = 4; lastKnownFileType = sourcecode.cpp.h; path = suballoc.hpp; sourceTree = "<group>"; };
		48F210D81288B38C002745F2 /* system.cpp */ = {isa = PBXFileReference; fileEncoding = 4; lastKnownFileType = sourcecode.cpp.cpp; path = system.cpp; sourceTree = "<group>"; };
		48F210D91288B38C002745F2 /* system.hpp */ = {isa = PBXFileReference; fileEncoding = 4; lastKnownFileType = sourcecode.cpp.h; path = system.hpp; sourceTree = "<group>"; };
		48F210DA1288B38C002745F2 /* timefn.cpp */ = {isa = PBXFileReference; fileEncoding = 4; lastKnownFileType = sourcecode.cpp.cpp; path = timefn.cpp; sourceTree = "<group>"; };
		48F210DB1288B38C002745F2 /* timefn.hpp */ = {isa = PBXFileReference; fileEncoding = 4; lastKnownFileType = sourcecode.cpp.h; path = timefn.hpp; sourceTree = "<group>"; };
		48F210DC1288B38C002745F2 /* ulinks.cpp */ = {isa = PBXFileReference; fileEncoding = 4; lastKnownFileType = sourcecode.cpp.cpp; path = ulinks.cpp; sourceTree = "<group>"; };
		48F210DD1288B38C002745F2 /* ulinks.hpp */ = {isa = PBXFileReference; fileEncoding = 4; lastKnownFileType = sourcecode.cpp.h; path = ulinks.hpp; sourceTree = "<group>"; };
		48F210DE1288B38C002745F2 /* unicode.cpp */ = {isa = PBXFileReference; fileEncoding = 4; lastKnownFileType = sourcecode.cpp.cpp; path = unicode.cpp; sourceTree = "<group>"; };
		48F210DF1288B38C002745F2 /* unicode.hpp */ = {isa = PBXFileReference; fileEncoding = 4; lastKnownFileType = sourcecode.cpp.h; path = unicode.hpp; sourceTree = "<group>"; };
		48F210E01288B38C002745F2 /* unios2.cpp */ = {isa = PBXFileReference; fileEncoding = 4; lastKnownFileType = sourcecode.cpp.cpp; path = unios2.cpp; sourceTree = "<group>"; };
		48F210E11288B38C002745F2 /* unpack.cpp */ = {isa = PBXFileReference; fileEncoding = 4; lastKnownFileType = sourcecode.cpp.cpp; path = unpack.cpp; sourceTree = "<group>"; };
		48F210E21288B38C002745F2 /* unpack.hpp */ = {isa = PBXFileReference; fileEncoding = 4; lastKnownFileType = sourcecode.cpp.h; path = unpack.hpp; sourceTree = "<group>"; };
		48F210E31288B38C002745F2 /* unpack15.cpp */ = {isa = PBXFileReference; fileEncoding = 4; lastKnownFileType = sourcecode.cpp.cpp; path = unpack15.cpp; sourceTree = "<group>"; };
		48F210E41288B38C002745F2 /* unpack20.cpp */ = {isa = PBXFileReference; fileEncoding = 4; lastKnownFileType = sourcecode.cpp.cpp; path = unpack20.cpp; sourceTree = "<group>"; };
		48F210E51288B38C002745F2 /* UnRAR.vcproj */ = {isa = PBXFileReference; fileEncoding = 4; lastKnownFileType = text.xml; path = UnRAR.vcproj; sourceTree = "<group>"; };
		48F210E61288B38C002745F2 /* UnRARDll.vcproj */ = {isa = PBXFileReference; fileEncoding = 4; lastKnownFileType = text.xml; path = UnRARDll.vcproj; sourceTree = "<group>"; };
		48F210E71288B38C002745F2 /* uowners.cpp */ = {isa = PBXFileReference; fileEncoding = 4; lastKnownFileType = sourcecode.cpp.cpp; path = uowners.cpp; sourceTree = "<group>"; };
		48F210E81288B38C002745F2 /* version.hpp */ = {isa = PBXFileReference; fileEncoding = 4; lastKnownFileType = sourcecode.cpp.h; path = version.hpp; sourceTree = "<group>"; };
		48F210E91288B38C002745F2 /* volume.cpp */ = {isa = PBXFileReference; fileEncoding = 4; lastKnownFileType = sourcecode.cpp.cpp; path = volume.cpp; sourceTree = "<group>"; };
		48F210EA1288B38C002745F2 /* volume.hpp */ = {isa = PBXFileReference; fileEncoding = 4; lastKnownFileType = sourcecode.cpp.h; path = volume.hpp; sourceTree = "<group>"; };
		48F210EB1288B38C002745F2 /* win32acl.cpp */ = {isa = PBXFileReference; fileEncoding = 4; lastKnownFileType = sourcecode.cpp.cpp; path = win32acl.cpp; sourceTree = "<group>"; };
		48F210EC1288B38C002745F2 /* win32stm.cpp */ = {isa = PBXFileReference; fileEncoding = 4; lastKnownFileType = sourcecode.cpp.cpp; path = win32stm.cpp; sourceTree = "<group>"; };
		AA747D9E0F9514B9006C5449 /* Unrar4iOS_Prefix.pch */ = {isa = PBXFileReference; fileEncoding = 4; lastKnownFileType = sourcecode.c.h; path = Unrar4iOS_Prefix.pch; sourceTree = SOURCE_ROOT; };
		D2AAC07E0554694100DB518D /* libUnrar4iOS.a */ = {isa = PBXFileReference; explicitFileType = archive.ar; includeInIndex = 0; path = libUnrar4iOS.a; sourceTree = BUILT_PRODUCTS_DIR; };
/* End PBXFileReference section */

/* Begin PBXFrameworksBuildPhase section */
		D2AAC07C0554694100DB518D /* Frameworks */ = {
			isa = PBXFrameworksBuildPhase;
			buildActionMask = 2147483647;
			files = (
			);
			runOnlyForDeploymentPostprocessing = 0;
		};
/* End PBXFrameworksBuildPhase section */

/* Begin PBXGroup section */
		034768DFFF38A50411DB9C8B /* Products */ = {
			isa = PBXGroup;
			children = (
				D2AAC07E0554694100DB518D /* libUnrar4iOS.a */,
			);
			name = Products;
			sourceTree = "<group>";
		};
		0867D691FE84028FC02AAC07 /* Unrar4iOS */ = {
			isa = PBXGroup;
			children = (
				08FB77AEFE84172EC02AAC07 /* Classes */,
				32C88DFF0371C24200C91783 /* Other Sources */,
				0867D69AFE84028FC02AAC07 /* Frameworks */,
				034768DFFF38A50411DB9C8B /* Products */,
				489CF9F1128B4D8E005DCC2A /* Framework.plist */,
			);
			name = Unrar4iOS;
			sourceTree = "<group>";
		};
		0867D69AFE84028FC02AAC07 /* Frameworks */ = {
			isa = PBXGroup;
			children = (
			);
			name = Frameworks;
			sourceTree = "<group>";
		};
		08FB77AEFE84172EC02AAC07 /* Classes */ = {
			isa = PBXGroup;
			children = (
				48F2106D1288B38C002745F2 /* unrar */,
				489CFA0E128B5169005DCC2A /* Unrar4iOS.h */,
				489CFA0F128B5169005DCC2A /* Unrar4iOS.mm */,
			);
			name = Classes;
			sourceTree = "<group>";
		};
		32C88DFF0371C24200C91783 /* Other Sources */ = {
			isa = PBXGroup;
			children = (
				AA747D9E0F9514B9006C5449 /* Unrar4iOS_Prefix.pch */,
			);
			name = "Other Sources";
			sourceTree = "<group>";
		};
		48F2106D1288B38C002745F2 /* unrar */ = {
			isa = PBXGroup;
			children = (
				48F2106E1288B38C002745F2 /* arccmt.cpp */,
				48F2106F1288B38C002745F2 /* archive.cpp */,
				48F210701288B38C002745F2 /* archive.hpp */,
				48F210711288B38C002745F2 /* arcread.cpp */,
				48F210721288B38C002745F2 /* array.hpp */,
				48F210731288B38C002745F2 /* beosea.cpp */,
				48F210741288B38C002745F2 /* cmddata.cpp */,
				48F210751288B38C002745F2 /* cmddata.hpp */,
				48F210761288B38C002745F2 /* coder.cpp */,
				48F210771288B38C002745F2 /* coder.hpp */,
				48F210781288B38C002745F2 /* compress.hpp */,
				48F210791288B38C002745F2 /* consio.cpp */,
				48F2107A1288B38C002745F2 /* consio.hpp */,
				48F2107B1288B38C002745F2 /* crc.cpp */,
				48F2107C1288B38C002745F2 /* crc.hpp */,
				48F2107D1288B38C002745F2 /* crypt.cpp */,
				48F2107E1288B38C002745F2 /* crypt.hpp */,
				48F2107F1288B38C002745F2 /* dll.cpp */,
				48F210801288B38C002745F2 /* dll.def */,
				48F210811288B38C002745F2 /* dll.hpp */,
				48F210821288B38C002745F2 /* dll.rc */,
				48F210831288B38C002745F2 /* encname.cpp */,
				48F210841288B38C002745F2 /* encname.hpp */,
				48F210851288B38C002745F2 /* errhnd.cpp */,
				48F210861288B38C002745F2 /* errhnd.hpp */,
				48F210871288B38C002745F2 /* extinfo.cpp */,
				48F210881288B38C002745F2 /* extinfo.hpp */,
				48F210891288B38C002745F2 /* extract.cpp */,
				48F2108A1288B38C002745F2 /* extract.hpp */,
				48F2108B1288B38C002745F2 /* filcreat.cpp */,
				48F2108C1288B38C002745F2 /* filcreat.hpp */,
				48F2108D1288B38C002745F2 /* file.cpp */,
				48F2108E1288B38C002745F2 /* file.hpp */,
				48F2108F1288B38C002745F2 /* filefn.cpp */,
				48F210901288B38C002745F2 /* filefn.hpp */,
				48F210911288B38C002745F2 /* filestr.cpp */,
				48F210921288B38C002745F2 /* filestr.hpp */,
				48F210931288B38C002745F2 /* find.cpp */,
				48F210941288B38C002745F2 /* find.hpp */,
				48F210951288B38C002745F2 /* getbits.cpp */,
				48F210961288B38C002745F2 /* getbits.hpp */,
				48F210971288B38C002745F2 /* global.cpp */,
				48F210981288B38C002745F2 /* global.hpp */,
				48F210991288B38C002745F2 /* headers.hpp */,
				48F2109A1288B38C002745F2 /* isnt.cpp */,
				48F2109B1288B38C002745F2 /* isnt.hpp */,
				48F2109C1288B38C002745F2 /* license.txt */,
				48F2109D1288B38C002745F2 /* list.cpp */,
				48F2109E1288B38C002745F2 /* list.hpp */,
				48F2109F1288B38C002745F2 /* loclang.hpp */,
				48F210A01288B38C002745F2 /* log.cpp */,
				48F210A11288B38C002745F2 /* log.hpp */,
				48F210A21288B38C002745F2 /* makefile.bcc */,
				48F210A31288B38C002745F2 /* makefile.cygmin */,
				48F210A41288B38C002745F2 /* makefile.dj */,
				48F210A51288B38C002745F2 /* makefile.dmc */,
				48F210A61288B38C002745F2 /* makefile.unix */,
				48F210A71288B38C002745F2 /* match.cpp */,
				48F210A81288B38C002745F2 /* match.hpp */,
				48F210A91288B38C002745F2 /* model.cpp */,
				48F210AA1288B38C002745F2 /* model.hpp */,
				48F210AB1288B38C002745F2 /* msc.dep */,
				48F210AC1288B38C002745F2 /* options.cpp */,
				48F210AD1288B38C002745F2 /* options.hpp */,
				48F210AE1288B38C002745F2 /* os.hpp */,
				48F210AF1288B38C002745F2 /* os2ea.cpp */,
				48F210B01288B38C002745F2 /* pathfn.cpp */,
				48F210B11288B38C002745F2 /* pathfn.hpp */,
				48F210B21288B38C002745F2 /* rar.cpp */,
				48F210B31288B38C002745F2 /* rar.hpp */,
				48F210B41288B38C002745F2 /* rardefs.hpp */,
				48F210B51288B38C002745F2 /* rarlang.hpp */,
				48F210B61288B38C002745F2 /* raros.hpp */,
				48F210B71288B38C002745F2 /* rarpch.cpp */,
				48F210B81288B38C002745F2 /* rartypes.hpp */,
				48F210B91288B38C002745F2 /* rarvm.cpp */,
				48F210BA1288B38C002745F2 /* rarvm.hpp */,
				48F210BB1288B38C002745F2 /* rarvmtbl.cpp */,
				48F210BC1288B38C002745F2 /* rawread.cpp */,
				48F210BD1288B38C002745F2 /* rawread.hpp */,
				48F210BE1288B38C002745F2 /* rdwrfn.cpp */,
				48F210BF1288B38C002745F2 /* rdwrfn.hpp */,
				48F210C01288B38C002745F2 /* README */,
				48F210C11288B38C002745F2 /* readme.txt */,
				48F210C21288B38C002745F2 /* recvol.cpp */,
				48F210C31288B38C002745F2 /* recvol.hpp */,
				48F210C41288B38C002745F2 /* resource.cpp */,
				48F210C51288B38C002745F2 /* resource.hpp */,
				48F210C61288B38C002745F2 /* rijndael.cpp */,
				48F210C71288B38C002745F2 /* rijndael.hpp */,
				48F210C81288B38C002745F2 /* rs.cpp */,
				48F210C91288B38C002745F2 /* rs.hpp */,
				48F210CA1288B38C002745F2 /* savepos.cpp */,
				48F210CB1288B38C002745F2 /* savepos.hpp */,
				48F210CC1288B38C002745F2 /* scantree.cpp */,
				48F210CD1288B38C002745F2 /* scantree.hpp */,
				48F210CE1288B38C002745F2 /* sha1.cpp */,
				48F210CF1288B38C002745F2 /* sha1.hpp */,
				48F210D01288B38C002745F2 /* smallfn.cpp */,
				48F210D11288B38C002745F2 /* smallfn.hpp */,
				48F210D21288B38C002745F2 /* strfn.cpp */,
				48F210D31288B38C002745F2 /* strfn.hpp */,
				48F210D41288B38C002745F2 /* strlist.cpp */,
				48F210D51288B38C002745F2 /* strlist.hpp */,
				48F210D61288B38C002745F2 /* suballoc.cpp */,
				48F210D71288B38C002745F2 /* suballoc.hpp */,
				48F210D81288B38C002745F2 /* system.cpp */,
				48F210D91288B38C002745F2 /* system.hpp */,
				48F210DA1288B38C002745F2 /* timefn.cpp */,
				48F210DB1288B38C002745F2 /* timefn.hpp */,
				48F210DC1288B38C002745F2 /* ulinks.cpp */,
				48F210DD1288B38C002745F2 /* ulinks.hpp */,
				48F210DE1288B38C002745F2 /* unicode.cpp */,
				48F210DF1288B38C002745F2 /* unicode.hpp */,
				48F210E01288B38C002745F2 /* unios2.cpp */,
				48F210E11288B38C002745F2 /* unpack.cpp */,
				48F210E21288B38C002745F2 /* unpack.hpp */,
				48F210E31288B38C002745F2 /* unpack15.cpp */,
				48F210E41288B38C002745F2 /* unpack20.cpp */,
				48F210E51288B38C002745F2 /* UnRAR.vcproj */,
				48F210E61288B38C002745F2 /* UnRARDll.vcproj */,
				48F210E71288B38C002745F2 /* uowners.cpp */,
				48F210E81288B38C002745F2 /* version.hpp */,
				48F210E91288B38C002745F2 /* volume.cpp */,
				48F210EA1288B38C002745F2 /* volume.hpp */,
				48F210EB1288B38C002745F2 /* win32acl.cpp */,
				48F210EC1288B38C002745F2 /* win32stm.cpp */,
			);
			path = unrar;
			sourceTree = "<group>";
		};
/* End PBXGroup section */

/* Begin PBXHeadersBuildPhase section */
		D2AAC07A0554694100DB518D /* Headers */ = {
			isa = PBXHeadersBuildPhase;
			buildActionMask = 2147483647;
			files = (
				AA747D9F0F9514B9006C5449 /* Unrar4iOS_Prefix.pch in Headers */,
				48F210EF1288B38C002745F2 /* archive.hpp in Headers */,
				48F210F11288B38C002745F2 /* array.hpp in Headers */,
				48F210F41288B38C002745F2 /* cmddata.hpp in Headers */,
				48F210F71288B38C002745F2 /* compress.hpp in Headers */,
				48F210F91288B38C002745F2 /* consio.hpp in Headers */,
				48F210FB1288B38C002745F2 /* crc.hpp in Headers */,
				48F210FD1288B38C002745F2 /* crypt.hpp in Headers */,
				48F210FF1288B38C002745F2 /* dll.hpp in Headers */,
				48F211011288B38C002745F2 /* encname.hpp in Headers */,
				48F211031288B38C002745F2 /* errhnd.hpp in Headers */,
				48F211051288B38C002745F2 /* extinfo.hpp in Headers */,
				48F211071288B38C002745F2 /* extract.hpp in Headers */,
				48F211091288B38C002745F2 /* filcreat.hpp in Headers */,
				48F2110B1288B38C002745F2 /* file.hpp in Headers */,
				48F2110D1288B38C002745F2 /* filefn.hpp in Headers */,
				48F2110F1288B38C002745F2 /* filestr.hpp in Headers */,
				48F211111288B38C002745F2 /* find.hpp in Headers */,
				48F211131288B38C002745F2 /* getbits.hpp in Headers */,
				48F211151288B38C002745F2 /* global.hpp in Headers */,
				48F211161288B38C002745F2 /* headers.hpp in Headers */,
				48F211181288B38C002745F2 /* isnt.hpp in Headers */,
				48F2111A1288B38C002745F2 /* list.hpp in Headers */,
				48F2111B1288B38C002745F2 /* loclang.hpp in Headers */,
				48F2111D1288B38C002745F2 /* log.hpp in Headers */,
				48F2111F1288B38C002745F2 /* match.hpp in Headers */,
				48F211231288B38C002745F2 /* options.hpp in Headers */,
				48F211241288B38C002745F2 /* os.hpp in Headers */,
				48F211271288B38C002745F2 /* pathfn.hpp in Headers */,
				48F211291288B38C002745F2 /* rar.hpp in Headers */,
				48F2112A1288B38C002745F2 /* rardefs.hpp in Headers */,
				48F2112B1288B38C002745F2 /* rarlang.hpp in Headers */,
				48F2112C1288B38C002745F2 /* raros.hpp in Headers */,
				48F2112E1288B38C002745F2 /* rartypes.hpp in Headers */,
				48F211301288B38C002745F2 /* rarvm.hpp in Headers */,
				48F211331288B38C002745F2 /* rawread.hpp in Headers */,
				48F211351288B38C002745F2 /* rdwrfn.hpp in Headers */,
				48F211371288B38C002745F2 /* recvol.hpp in Headers */,
				48F2113B1288B38C002745F2 /* rijndael.hpp in Headers */,
				48F2113D1288B38C002745F2 /* rs.hpp in Headers */,
				48F2113F1288B38C002745F2 /* savepos.hpp in Headers */,
				48F211411288B38C002745F2 /* scantree.hpp in Headers */,
				48F211431288B38C002745F2 /* sha1.hpp in Headers */,
				48F211451288B38C002745F2 /* smallfn.hpp in Headers */,
				48F211471288B38C002745F2 /* strfn.hpp in Headers */,
				48F211491288B38C002745F2 /* strlist.hpp in Headers */,
				48F2114D1288B38C002745F2 /* system.hpp in Headers */,
				48F2114F1288B38C002745F2 /* timefn.hpp in Headers */,
				48F211511288B38C002745F2 /* ulinks.hpp in Headers */,
				48F211531288B38C002745F2 /* unicode.hpp in Headers */,
				48F211561288B38C002745F2 /* unpack.hpp in Headers */,
				480F5FC6128A069300A9B478 /* volume.hpp in Headers */,
				48F2115A1288B38C002745F2 /* version.hpp in Headers */,
				489CFA10128B5169005DCC2A /* Unrar4iOS.h in Headers */,
			);
			runOnlyForDeploymentPostprocessing = 0;
		};
/* End PBXHeadersBuildPhase section */

/* Begin PBXNativeTarget section */
		D2AAC07D0554694100DB518D /* Unrar4iOS */ = {
			isa = PBXNativeTarget;
			buildConfigurationList = 1DEB921E08733DC00010E9CD /* Build configuration list for PBXNativeTarget "Unrar4iOS" */;
			buildPhases = (
				D2AAC07A0554694100DB518D /* Headers */,
				D2AAC07B0554694100DB518D /* Sources */,
				D2AAC07C0554694100DB518D /* Frameworks */,
				489CF9F5128B4F15005DCC2A /* ShellScript */,
			);
			buildRules = (
			);
			dependencies = (
			);
			name = Unrar4iOS;
			productName = Unrar4iOS;
			productReference = D2AAC07E0554694100DB518D /* libUnrar4iOS.a */;
			productType = "com.apple.product-type.library.static";
		};
/* End PBXNativeTarget section */

/* Begin PBXProject section */
		0867D690FE84028FC02AAC07 /* Project object */ = {
			isa = PBXProject;
			buildConfigurationList = 1DEB922208733DC00010E9CD /* Build configuration list for PBXProject "Unrar4iOS" */;
			compatibilityVersion = "Xcode 3.1";
			developmentRegion = English;
			hasScannedForEncodings = 1;
			knownRegions = (
				English,
				Japanese,
				French,
				German,
			);
			mainGroup = 0867D691FE84028FC02AAC07 /* Unrar4iOS */;
			productRefGroup = 034768DFFF38A50411DB9C8B /* Products */;
			projectDirPath = "";
			projectRoot = "";
			targets = (
				D2AAC07D0554694100DB518D /* Unrar4iOS */,
			);
		};
/* End PBXProject section */

/* Begin PBXShellScriptBuildPhase section */
		489CF9F5128B4F15005DCC2A /* ShellScript */ = {
			isa = PBXShellScriptBuildPhase;
			buildActionMask = 2147483647;
			files = (
			);
			inputPaths = (
			);
			outputPaths = (
			);
			runOnlyForDeploymentPostprocessing = 0;
			shellPath = /bin/bash;
			shellScript = "# name and build location\nFRAMEWORK_NAME=${PROJECT_NAME}  \nFRAMEWORK_BUILD_PATH=\"${PROJECT_DIR}/build/Framework\"  \n \n# these never change\nFRAMEWORK_VERSION=A  \nFRAMEWORK_CURRENT_VERSION=1  \nFRAMEWORK_COMPATIBILITY_VERSION=1  \n \n# Clean any existing framework that might be there  \nif [ -d \"$FRAMEWORK_BUILD_PATH\" ]   \nthen\n\techo \"Framework: Cleaning framework...\"  \n\trm -rf \"$FRAMEWORK_BUILD_PATH\"  \nfi\n \n# Build the canonical Framework bundle directory structure  \necho \"Framework: Setting up directories...\"  \nFRAMEWORK_DIR=$FRAMEWORK_BUILD_PATH/$FRAMEWORK_NAME.framework  \nmkdir -p $FRAMEWORK_DIR  \nmkdir -p $FRAMEWORK_DIR/Versions  \nmkdir -p $FRAMEWORK_DIR/Versions/$FRAMEWORK_VERSION\nmkdir -p $FRAMEWORK_DIR/Versions/$FRAMEWORK_VERSION/Resources\nmkdir -p $FRAMEWORK_DIR/Versions/$FRAMEWORK_VERSION/Headers\n \necho \"Framework: Creating symlinks...\"  \nln -s $FRAMEWORK_VERSION $FRAMEWORK_DIR/Versions/Current\nln -s Versions/Current/Headers $FRAMEWORK_DIR/Headers\nln -s Versions/Current/Resources $FRAMEWORK_DIR/Resources\nln -s Versions/Current/$FRAMEWORK_NAME $FRAMEWORK_DIR/$FRAMEWORK_NAME \n \n# combine lib files for various platforms into one\necho \"Framework: Creating library...\"  \nlipo -create \"${SYMROOT}/${CONFIGURATION}-iphoneos/lib${PROJECT_NAME}.a\" \"${SYMROOT}/${CONFIGURATION}-iphonesimulator/lib${PROJECT_NAME}.a\" -o \"$FRAMEWORK_DIR/Versions/Current/$FRAMEWORK_NAME\"\n \necho \"Framework: Copying assets into current version...\"\ncp ${SRCROOT}/unrar/*.hpp $FRAMEWORK_DIR/Headers/\ncp ${SRCROOT}/*.h $FRAMEWORK_DIR/Headers/\n \n#replace placeholder in plist with project name\ncat \"${SRCROOT}/Framework.plist\" | sed 's/${PROJECT_NAME}/'\"${PROJECT_NAME}\"'/' > $FRAMEWORK_DIR/Resources/Info.plist";
		};
/* End PBXShellScriptBuildPhase section */

/* Begin PBXSourcesBuildPhase section */
		D2AAC07B0554694100DB518D /* Sources */ = {
			isa = PBXSourcesBuildPhase;
			buildActionMask = 2147483647;
			files = (
				480F5FC7128A06A600A9B478 /* volume.cpp in Sources */,
				48F210EE1288B38C002745F2 /* archive.cpp in Sources */,
				48F210F01288B38C002745F2 /* arcread.cpp in Sources */,
				48F210F31288B38C002745F2 /* cmddata.cpp in Sources */,
				48F210F81288B38C002745F2 /* consio.cpp in Sources */,
				48F210FA1288B38C002745F2 /* crc.cpp in Sources */,
				48F210FC1288B38C002745F2 /* crypt.cpp in Sources */,
				48F210FE1288B38C002745F2 /* dll.cpp in Sources */,
				48F211001288B38C002745F2 /* encname.cpp in Sources */,
				48F211021288B38C002745F2 /* errhnd.cpp in Sources */,
				48F211041288B38C002745F2 /* extinfo.cpp in Sources */,
				48F211061288B38C002745F2 /* extract.cpp in Sources */,
				48F211081288B38C002745F2 /* filcreat.cpp in Sources */,
				48F2110A1288B38C002745F2 /* file.cpp in Sources */,
				48F2110C1288B38C002745F2 /* filefn.cpp in Sources */,
				48F2110E1288B38C002745F2 /* filestr.cpp in Sources */,
				48F211101288B38C002745F2 /* find.cpp in Sources */,
				48F211121288B38C002745F2 /* getbits.cpp in Sources */,
				48F211141288B38C002745F2 /* global.cpp in Sources */,
				48F211171288B38C002745F2 /* isnt.cpp in Sources */,
				48F211191288B38C002745F2 /* list.cpp in Sources */,
				48F2111E1288B38C002745F2 /* match.cpp in Sources */,
				48F211221288B38C002745F2 /* options.cpp in Sources */,
				48F211261288B38C002745F2 /* pathfn.cpp in Sources */,
				48F211281288B38C002745F2 /* rar.cpp in Sources */,
				48F2112F1288B38C002745F2 /* rarvm.cpp in Sources */,
				48F211321288B38C002745F2 /* rawread.cpp in Sources */,
				48F211341288B38C002745F2 /* rdwrfn.cpp in Sources */,
				48F211361288B38C002745F2 /* recvol.cpp in Sources */,
				48F211381288B38C002745F2 /* resource.cpp in Sources */,
				48F2113A1288B38C002745F2 /* rijndael.cpp in Sources */,
				48F2113C1288B38C002745F2 /* rs.cpp in Sources */,
				48F2113E1288B38C002745F2 /* savepos.cpp in Sources */,
				48F211401288B38C002745F2 /* scantree.cpp in Sources */,
				48F211421288B38C002745F2 /* sha1.cpp in Sources */,
				48F211441288B38C002745F2 /* smallfn.cpp in Sources */,
				48F211461288B38C002745F2 /* strfn.cpp in Sources */,
				48F211481288B38C002745F2 /* strlist.cpp in Sources */,
				48F2114C1288B38C002745F2 /* system.cpp in Sources */,
				48F2114E1288B38C002745F2 /* timefn.cpp in Sources */,
				48F211501288B38C002745F2 /* ulinks.cpp in Sources */,
				48F211521288B38C002745F2 /* unicode.cpp in Sources */,
				48F211551288B38C002745F2 /* unpack.cpp in Sources */,
				489CFA11128B5169005DCC2A /* Unrar4iOS.mm in Sources */,
			);
			runOnlyForDeploymentPostprocessing = 0;
		};
/* End PBXSourcesBuildPhase section */

/* Begin XCBuildConfiguration section */
		1DEB921F08733DC00010E9CD /* Debug */ = {
			isa = XCBuildConfiguration;
			buildSettings = {
				ALWAYS_SEARCH_USER_PATHS = NO;
				ARCHS = (
					"$(ARCHS_STANDARD_32_BIT)",
					armv6,
					i386,
				);
				COPY_PHASE_STRIP = NO;
				DSTROOT = /tmp/Unrar4iOS.dst;
				GCC_DYNAMIC_NO_PIC = NO;
				GCC_ENABLE_FIX_AND_CONTINUE = YES;
				GCC_MODEL_TUNING = G5;
				GCC_OPTIMIZATION_LEVEL = 0;
				GCC_PRECOMPILE_PREFIX_HEADER = YES;
				GCC_PREFIX_HEADER = Unrar4iOS_Prefix.pch;
				INSTALL_PATH = /usr/local/lib;
				PRODUCT_NAME = Unrar4iOS;
			};
			name = Debug;
		};
		1DEB922008733DC00010E9CD /* Release */ = {
			isa = XCBuildConfiguration;
			buildSettings = {
				ALWAYS_SEARCH_USER_PATHS = NO;
				ARCHS = (
					"$(ARCHS_STANDARD_32_BIT)",
					armv6,
					i386,
				);
				DSTROOT = /tmp/Unrar4iOS.dst;
				GCC_MODEL_TUNING = G5;
				GCC_PRECOMPILE_PREFIX_HEADER = YES;
				GCC_PREFIX_HEADER = Unrar4iOS_Prefix.pch;
				INSTALL_PATH = /usr/local/lib;
				PRODUCT_NAME = Unrar4iOS;
			};
			name = Release;
		};
		1DEB922308733DC00010E9CD /* Debug */ = {
			isa = XCBuildConfiguration;
			buildSettings = {
				ARCHS = (
					"$(ARCHS_STANDARD_32_BIT)",
					armv6,
					i386,
				);
				GCC_C_LANGUAGE_STANDARD = c99;
				GCC_OPTIMIZATION_LEVEL = 0;
				GCC_WARN_ABOUT_RETURN_TYPE = YES;
				GCC_WARN_UNUSED_VARIABLE = YES;
				IPHONEOS_DEPLOYMENT_TARGET = 3.0;
				OTHER_CPLUSPLUSFLAGS = (
					"-DSILENT",
					"-DRARDLL",
					"$(OTHER_CFLAGS)",
				);
				OTHER_LDFLAGS = "";
				PREBINDING = NO;
				SDKROOT = iphoneos;
			};
			name = Debug;
		};
		1DEB922408733DC00010E9CD /* Release */ = {
			isa = XCBuildConfiguration;
			buildSettings = {
				ARCHS = (
					"$(ARCHS_STANDARD_32_BIT)",
					armv6,
					i386,
				);
				GCC_C_LANGUAGE_STANDARD = c99;
				GCC_WARN_ABOUT_RETURN_TYPE = YES;
				GCC_WARN_UNUSED_VARIABLE = YES;
				IPHONEOS_DEPLOYMENT_TARGET = 3.0;
				OTHER_CPLUSPLUSFLAGS = (
					"-DSILENT",
					"-DRARDLL",
					"$(OTHER_CFLAGS)",
				);
				OTHER_LDFLAGS = "-ObjC";
				PREBINDING = NO;
				SDKROOT = iphoneos;
			};
			name = Release;
		};
/* End XCBuildConfiguration section */

/* Begin XCConfigurationList section */
		1DEB921E08733DC00010E9CD /* Build configuration list for PBXNativeTarget "Unrar4iOS" */ = {
			isa = XCConfigurationList;
			buildConfigurations = (
				1DEB921F08733DC00010E9CD /* Debug */,
				1DEB922008733DC00010E9CD /* Release */,
			);
			defaultConfigurationIsVisible = 0;
			defaultConfigurationName = Release;
		};
		1DEB922208733DC00010E9CD /* Build configuration list for PBXProject "Unrar4iOS" */ = {
			isa = XCConfigurationList;
			buildConfigurations = (
				1DEB922308733DC00010E9CD /* Debug */,
				1DEB922408733DC00010E9CD /* Release */,
			);
			defaultConfigurationIsVisible = 0;
			defaultConfigurationName = Release;
		};
/* End XCConfigurationList section */
	};
	rootObject = 0867D690FE84028FC02AAC07 /* Project object */;
}
